
Microsoft Visual Studio Solution File, Format Version 12.00
# Visual Studio Version 17
VisualStudioVersion = 17.4.33213.308
MinimumVisualStudioVersion = 10.0.40219.1
Project("{FAE04EC0-301F-11D3-BF4B-00C04F79EFBC}") = "Core", "Core\Core.csproj", "{CB30D0C1-8BF8-461C-86FC-38A53CE46AF6}"
EndProject
Global
	GlobalSection(SolutionConfigurationPlatforms) = preSolution
		Debug|Any CPU = Debug|Any CPU
		Release|Any CPU = Release|Any CPU
	EndGlobalSection
	GlobalSection(ProjectConfigurationPlatforms) = postSolution
		{CB30D0C1-8BF8-461C-86FC-38A53CE46AF6}.Debug|Any CPU.ActiveCfg = Debug|Any CPU
		{CB30D0C1-8BF8-461C-86FC-38A53CE46AF6}.Debug|Any CPU.Build.0 = Debug|Any CPU
		{CB30D0C1-8BF8-461C-86FC-38A53CE46AF6}.Release|Any CPU.ActiveCfg = Release|Any CPU
		{CB30D0C1-8BF8-461C-86FC-38A53CE46AF6}.Release|Any CPU.Build.0 = Release|Any CPU
	EndGlobalSection
	GlobalSection(SolutionProperties) = preSolution
		HideSolutionNode = FALSE
	EndGlobalSection
	GlobalSection(ExtensibilityGlobals) = postSolution
		SolutionGuid = {C12A33E4-BF11-4BA0-9DC0-1E039A785EDD}
	EndGlobalSection
EndGlobal
